
Microsoft Visual Studio Solution File, Format Version 12.00
# Visual Studio Version 17
VisualStudioVersion = 17.3.32929.385
MinimumVisualStudioVersion = 10.0.40219.1
Project("{FAE04EC0-301F-11D3-BF4B-00C04F79EFBC}") = "Lab 1", "Lab 1\Lab 1.csproj", "{17CBDB08-77F4-4326-98D9-A6B282DA42CB}"
EndProject
Global
	GlobalSection(SolutionConfigurationPlatforms) = preSolution
		Debug|Any CPU = Debug|Any CPU
		Release|Any CPU = Release|Any CPU
	EndGlobalSection
	GlobalSection(ProjectConfigurationPlatforms) = postSolution
		{17CBDB08-77F4-4326-98D9-A6B282DA42CB}.Debug|Any CPU.ActiveCfg = Debug|Any CPU
		{17CBDB08-77F4-4326-98D9-A6B282DA42CB}.Debug|Any CPU.Build.0 = Debug|Any CPU
		{17CBDB08-77F4-4326-98D9-A6B282DA42CB}.Release|Any CPU.ActiveCfg = Release|Any CPU
		{17CBDB08-77F4-4326-98D9-A6B282DA42CB}.Release|Any CPU.Build.0 = Release|Any CPU
	EndGlobalSection
	GlobalSection(SolutionProperties) = preSolution
		HideSolutionNode = FALSE
	EndGlobalSection
	GlobalSection(ExtensibilityGlobals) = postSolution
		SolutionGuid = {32C973B8-C3D7-4FCF-9F67-A60543A1467A}
	EndGlobalSection
EndGlobal
